
Microsoft Visual Studio Solution File, Format Version 12.00
# Visual Studio Version 17
VisualStudioVersion = 17.0.31903.59
MinimumVisualStudioVersion = 10.0.40219.1
Project("{FAE04EC0-301F-11D3-BF4B-00C04F79EFBC}") = "NpcWaitingSimulatorO38", "NpcWaitingSimulatorO38\NpcWaitingSimulatorO38.csproj", "{B0748333-7D60-4CCD-AF8D-C641FA3608AF}"
EndProject
Global
	GlobalSection(SolutionConfigurationPlatforms) = preSolution
		Debug|Any CPU = Debug|Any CPU
		Debug|x64 = Debug|x64
		Debug|x86 = Debug|x86
		Release|Any CPU = Release|Any CPU
		Release|x64 = Release|x64
		Release|x86 = Release|x86
	EndGlobalSection
	GlobalSection(ProjectConfigurationPlatforms) = postSolution
		{B0748333-7D60-4CCD-AF8D-C641FA3608AF}.Debug|Any CPU.ActiveCfg = Debug|Any CPU
		{B0748333-7D60-4CCD-AF8D-C641FA3608AF}.Debug|Any CPU.Build.0 = Debug|Any CPU
		{B0748333-7D60-4CCD-AF8D-C641FA3608AF}.Debug|x64.ActiveCfg = Debug|Any CPU
		{B0748333-7D60-4CCD-AF8D-C641FA3608AF}.Debug|x64.Build.0 = Debug|Any CPU
		{B0748333-7D60-4CCD-AF8D-C641FA3608AF}.Debug|x86.ActiveCfg = Debug|Any CPU
		{B0748333-7D60-4CCD-AF8D-C641FA3608AF}.Debug|x86.Build.0 = Debug|Any CPU
		{B0748333-7D60-4CCD-AF8D-C641FA3608AF}.Release|Any CPU.ActiveCfg = Release|Any CPU
		{B0748333-7D60-4CCD-AF8D-C641FA3608AF}.Release|Any CPU.Build.0 = Release|Any CPU
		{B0748333-7D60-4CCD-AF8D-C641FA3608AF}.Release|x64.ActiveCfg = Release|Any CPU
		{B0748333-7D60-4CCD-AF8D-C641FA3608AF}.Release|x64.Build.0 = Release|Any CPU
		{B0748333-7D60-4CCD-AF8D-C641FA3608AF}.Release|x86.ActiveCfg = Release|Any CPU
		{B0748333-7D60-4CCD-AF8D-C641FA3608AF}.Release|x86.Build.0 = Release|Any CPU
	EndGlobalSection
	GlobalSection(SolutionProperties) = preSolution
		HideSolutionNode = FALSE
	EndGlobalSection
EndGlobal
